
Microsoft Visual Studio Solution File, Format Version 11.00
# Visual Studio 2010
Project("{FAE04EC0-301F-11D3-BF4B-00C04F79EFBC}") = "Assembly-CSharp", "Assembly-CSharp.csproj", "{5C34D3E6-A38A-9950-8F84-13B264025777}"
EndProject
Project("{FAE04EC0-301F-11D3-BF4B-00C04F79EFBC}") = "NavMeshComponents", "NavMeshComponents.csproj", "{88106771-7BEB-A996-1CD0-07EE630950C5}"
EndProject
Project("{FAE04EC0-301F-11D3-BF4B-00C04F79EFBC}") = "NavMeshComponentsEditor", "NavMeshComponentsEditor.csproj", "{5C05F553-8ECB-F9A6-4ADB-17AE297DAD28}"
EndProject
Global
	GlobalSection(SolutionConfigurationPlatforms) = preSolution
		Debug|Any CPU = Debug|Any CPU
		Release|Any CPU = Release|Any CPU
	EndGlobalSection
	GlobalSection(ProjectConfigurationPlatforms) = postSolution
		{5C34D3E6-A38A-9950-8F84-13B264025777}.Debug|Any CPU.ActiveCfg = Debug|Any CPU
		{5C34D3E6-A38A-9950-8F84-13B264025777}.Debug|Any CPU.Build.0 = Debug|Any CPU
		{5C34D3E6-A38A-9950-8F84-13B264025777}.Release|Any CPU.ActiveCfg = Release|Any CPU
		{5C34D3E6-A38A-9950-8F84-13B264025777}.Release|Any CPU.Build.0 = Release|Any CPU
		{88106771-7BEB-A996-1CD0-07EE630950C5}.Debug|Any CPU.ActiveCfg = Debug|Any CPU
		{88106771-7BEB-A996-1CD0-07EE630950C5}.Debug|Any CPU.Build.0 = Debug|Any CPU
		{88106771-7BEB-A996-1CD0-07EE630950C5}.Release|Any CPU.ActiveCfg = Release|Any CPU
		{88106771-7BEB-A996-1CD0-07EE630950C5}.Release|Any CPU.Build.0 = Release|Any CPU
		{5C05F553-8ECB-F9A6-4ADB-17AE297DAD28}.Debug|Any CPU.ActiveCfg = Debug|Any CPU
		{5C05F553-8ECB-F9A6-4ADB-17AE297DAD28}.Debug|Any CPU.Build.0 = Debug|Any CPU
		{5C05F553-8ECB-F9A6-4ADB-17AE297DAD28}.Release|Any CPU.ActiveCfg = Release|Any CPU
		{5C05F553-8ECB-F9A6-4ADB-17AE297DAD28}.Release|Any CPU.Build.0 = Release|Any CPU
	EndGlobalSection
	GlobalSection(SolutionProperties) = preSolution
		HideSolutionNode = FALSE
	EndGlobalSection
EndGlobal
